
Microsoft Visual Studio Solution File, Format Version 12.00
Project("{FAE04EC0-301F-11D3-BF4B-00C04F79EFBC}") = "Client", "Client\Client.csproj", "{6B12AE93-DCF3-4C26-A141-19BA16A8E033}"
EndProject
Project("{FAE04EC0-301F-11D3-BF4B-00C04F79EFBC}") = "Server", "Server\Server.csproj", "{4ACD0619-279D-4CD4-AE6A-A1DE7DA3D89E}"
EndProject
Project("{FAE04EC0-301F-11D3-BF4B-00C04F79EFBC}") = "Shared.Core", "Shared.Core\Shared.Core.csproj", "{BD793962-0315-4B5B-A854-94D361B9D6EB}"
EndProject
Global
	GlobalSection(SolutionConfigurationPlatforms) = preSolution
		Debug|Any CPU = Debug|Any CPU
		Release|Any CPU = Release|Any CPU
	EndGlobalSection
	GlobalSection(ProjectConfigurationPlatforms) = postSolution
		{6B12AE93-DCF3-4C26-A141-19BA16A8E033}.Debug|Any CPU.ActiveCfg = Debug|Any CPU
		{6B12AE93-DCF3-4C26-A141-19BA16A8E033}.Debug|Any CPU.Build.0 = Debug|Any CPU
		{6B12AE93-DCF3-4C26-A141-19BA16A8E033}.Release|Any CPU.ActiveCfg = Release|Any CPU
		{6B12AE93-DCF3-4C26-A141-19BA16A8E033}.Release|Any CPU.Build.0 = Release|Any CPU
		{4ACD0619-279D-4CD4-AE6A-A1DE7DA3D89E}.Debug|Any CPU.ActiveCfg = Debug|Any CPU
		{4ACD0619-279D-4CD4-AE6A-A1DE7DA3D89E}.Debug|Any CPU.Build.0 = Debug|Any CPU
		{4ACD0619-279D-4CD4-AE6A-A1DE7DA3D89E}.Release|Any CPU.ActiveCfg = Release|Any CPU
		{4ACD0619-279D-4CD4-AE6A-A1DE7DA3D89E}.Release|Any CPU.Build.0 = Release|Any CPU
		{BD793962-0315-4B5B-A854-94D361B9D6EB}.Debug|Any CPU.ActiveCfg = Debug|Any CPU
		{BD793962-0315-4B5B-A854-94D361B9D6EB}.Debug|Any CPU.Build.0 = Debug|Any CPU
		{BD793962-0315-4B5B-A854-94D361B9D6EB}.Release|Any CPU.ActiveCfg = Release|Any CPU
		{BD793962-0315-4B5B-A854-94D361B9D6EB}.Release|Any CPU.Build.0 = Release|Any CPU
	EndGlobalSection
EndGlobal
